// !$*UTF8*$!
{
	archiveVersion = 1;
	classes = {
	};
	objectVersion = 46;
	objects = {

/* Begin PBXBuildFile section */
		0E1705C11709676300146DAB /* QuartzCore.framework in Frameworks */ = {isa = PBXBuildFile; fileRef = 0E1705C01709676300146DAB /* QuartzCore.framework */; };
		0E49BA971713C03000D4E60E /* custom-button-normal.png in Resources */ = {isa = PBXBuildFile; fileRef = 0E49BA8F1713C03000D4E60E /* custom-button-normal.png */; };
		0E49BA981713C03000D4E60E /* custom-button-normal@2x.png in Resources */ = {isa = PBXBuildFile; fileRef = 0E49BA901713C03000D4E60E /* custom-button-normal@2x.png */; };
		0E49BA991713C03000D4E60E /* custom-cancel-normal.png in Resources */ = {isa = PBXBuildFile; fileRef = 0E49BA911713C03000D4E60E /* custom-cancel-normal.png */; };
		0E49BA9A1713C03000D4E60E /* custom-cancel-normal@2x.png in Resources */ = {isa = PBXBuildFile; fileRef = 0E49BA921713C03000D4E60E /* custom-cancel-normal@2x.png */; };
		0E49BA9B1713C03000D4E60E /* custom-dialog-background.png in Resources */ = {isa = PBXBuildFile; fileRef = 0E49BA931713C03000D4E60E /* custom-dialog-background.png */; };
		0E49BA9C1713C03000D4E60E /* custom-dialog-background@2x.png in Resources */ = {isa = PBXBuildFile; fileRef = 0E49BA941713C03000D4E60E /* custom-dialog-background@2x.png */; };
		0E49BA9D1713C03000D4E60E /* AHAlertView.m in Sources */ = {isa = PBXBuildFile; fileRef = 0E49BA961713C03000D4E60E /* AHAlertView.m */; };
		0E91E68F1713FEB000A847BE /* down.png in Resources */ = {isa = PBXBuildFile; fileRef = 0E91E68E1713FEB000A847BE /* down.png */; };
		0E92C08217156204003B293C /* sx.png in Resources */ = {isa = PBXBuildFile; fileRef = 0E92C08117156204003B293C /* sx.png */; };
		0E9745EE170524BC00C62363 /* InitViewController.m in Sources */ = {isa = PBXBuildFile; fileRef = 0E9745EC170524BC00C62363 /* InitViewController.m */; };
		0E9745EF170524BC00C62363 /* InitViewController.xib in Resources */ = {isa = PBXBuildFile; fileRef = 0E9745ED170524BC00C62363 /* InitViewController.xib */; };
		0E98DFD6170BB2F400325A9C /* cb_mono_off.png in Resources */ = {isa = PBXBuildFile; fileRef = 0E98DFD2170BB2F400325A9C /* cb_mono_off.png */; };
		0E98DFD7170BB2F400325A9C /* cb_mono_off@2x.png in Resources */ = {isa = PBXBuildFile; fileRef = 0E98DFD3170BB2F400325A9C /* cb_mono_off@2x.png */; };
		0E98DFD8170BB2F400325A9C /* cb_mono_on.png in Resources */ = {isa = PBXBuildFile; fileRef = 0E98DFD4170BB2F400325A9C /* cb_mono_on.png */; };
		0E98DFD9170BB2F400325A9C /* cb_mono_on@2x.png in Resources */ = {isa = PBXBuildFile; fileRef = 0E98DFD5170BB2F400325A9C /* cb_mono_on@2x.png */; };
		0EA5FBC716FC3C3B00ADA6DD /* divider.png in Resources */ = {isa = PBXBuildFile; fileRef = 0EA5FBC616FC3C3B00ADA6DD /* divider.png */; };
		0EA75139170A6A9800B3CAFC /* order.png in Resources */ = {isa = PBXBuildFile; fileRef = 0EA75138170A6A9800B3CAFC /* order.png */; };
		0EA987EC17002F580021D80B /* login.png in Resources */ = {isa = PBXBuildFile; fileRef = 0EA987E717002F560021D80B /* login.png */; };
		0EA987ED17002F580021D80B /* search_bg.png in Resources */ = {isa = PBXBuildFile; fileRef = 0EA987E817002F560021D80B /* search_bg.png */; };
		0EA987EE17002F580021D80B /* open_bg.png in Resources */ = {isa = PBXBuildFile; fileRef = 0EA987E917002F570021D80B /* open_bg.png */; };
		0EA987F3170030EF0021D80B /* close_btn.png in Resources */ = {isa = PBXBuildFile; fileRef = 0EA987F1170030EA0021D80B /* close_btn.png */; };
		0EA987F4170030EF0021D80B /* open_btn.png in Resources */ = {isa = PBXBuildFile; fileRef = 0EA987F2170030EC0021D80B /* open_btn.png */; };
		0EA987FB1700363C0021D80B /* view_bg.png in Resources */ = {isa = PBXBuildFile; fileRef = 0EA987F91700363A0021D80B /* view_bg.png */; };
		0EA987FC1700363C0021D80B /* order_bg.png in Resources */ = {isa = PBXBuildFile; fileRef = 0EA987FA1700363B0021D80B /* order_bg.png */; };
		0EA9880C17003F960021D80B /* search_btn_highted.png in Resources */ = {isa = PBXBuildFile; fileRef = 0EA9880B17003F950021D80B /* search_btn_highted.png */; };
		0EA98813170044CB0021D80B /* btn_bg_active.png in Resources */ = {isa = PBXBuildFile; fileRef = 0EA98811170044AB0021D80B /* btn_bg_active.png */; };
		0EA98814170044CB0021D80B /* btn_bg.png in Resources */ = {isa = PBXBuildFile; fileRef = 0EA98812170044B20021D80B /* btn_bg.png */; };
		0EA9881617004FE90021D80B /* pic_bg.png in Resources */ = {isa = PBXBuildFile; fileRef = 0EA9881517004FE70021D80B /* pic_bg.png */; };
		0EA988191700576A0021D80B /* lantan_login.png in Resources */ = {isa = PBXBuildFile; fileRef = 0EA98817170057650021D80B /* lantan_login.png */; };
		0EA9881A1700576A0021D80B /* lantan_login_active.png in Resources */ = {isa = PBXBuildFile; fileRef = 0EA98818170057670021D80B /* lantan_login_active.png */; };
		0EAE8032170964D500A5E4C4 /* OldProductCell.m in Sources */ = {isa = PBXBuildFile; fileRef = 0EAE801B170964D500A5E4C4 /* OldProductCell.m */; };
		0EAE8033170964D500A5E4C4 /* CollectionCell.xib in Resources */ = {isa = PBXBuildFile; fileRef = 0EAE801D170964D500A5E4C4 /* CollectionCell.xib */; };
		0EAE8034170964D500A5E4C4 /* ServiceCell.xib in Resources */ = {isa = PBXBuildFile; fileRef = 0EAE801E170964D500A5E4C4 /* ServiceCell.xib */; };
		0EAE8035170964D500A5E4C4 /* SVCardCell.xib in Resources */ = {isa = PBXBuildFile; fileRef = 0EAE801F170964D500A5E4C4 /* SVCardCell.xib */; };
		0EAE8036170964D500A5E4C4 /* TabHeader.m in Sources */ = {isa = PBXBuildFile; fileRef = 0EAE8020170964D500A5E4C4 /* TabHeader.m */; };
		0EAE8037170964D500A5E4C4 /* ProductCell.m in Sources */ = {isa = PBXBuildFile; fileRef = 0EAE8021170964D500A5E4C4 /* ProductCell.m */; };
		0EAE8038170964D500A5E4C4 /* PackageCardCell.m in Sources */ = {isa = PBXBuildFile; fileRef = 0EAE8024170964D500A5E4C4 /* PackageCardCell.m */; };
		0EAE8039170964D500A5E4C4 /* CollectionCell.m in Sources */ = {isa = PBXBuildFile; fileRef = 0EAE8026170964D500A5E4C4 /* CollectionCell.m */; };
		0EAE803A170964D500A5E4C4 /* CollectionHeader.m in Sources */ = {isa = PBXBuildFile; fileRef = 0EAE8028170964D500A5E4C4 /* CollectionHeader.m */; };
		0EAE803B170964D500A5E4C4 /* CollectionViewLayout.m in Sources */ = {isa = PBXBuildFile; fileRef = 0EAE802A170964D500A5E4C4 /* CollectionViewLayout.m */; };
		0EAE803C170964D500A5E4C4 /* PictureCell.m in Sources */ = {isa = PBXBuildFile; fileRef = 0EAE802C170964D500A5E4C4 /* PictureCell.m */; };
		0EAE803D170964D500A5E4C4 /* ReservationCell.m in Sources */ = {isa = PBXBuildFile; fileRef = 0EAE802D170964D500A5E4C4 /* ReservationCell.m */; };
		0EAE803E170964D500A5E4C4 /* ServiceCell.m in Sources */ = {isa = PBXBuildFile; fileRef = 0EAE802F170964D500A5E4C4 /* ServiceCell.m */; };
		0EAE803F170964D500A5E4C4 /* SVCardCell.m in Sources */ = {isa = PBXBuildFile; fileRef = 0EAE8031170964D500A5E4C4 /* SVCardCell.m */; };
		0EAE80411709650000A5E4C4 /* CollectionHeader.xib in Resources */ = {isa = PBXBuildFile; fileRef = 0EAE80401709650000A5E4C4 /* CollectionHeader.xib */; };
		0EAE80441709651000A5E4C4 /* TabHeaderSpace.m in Sources */ = {isa = PBXBuildFile; fileRef = 0EAE80421709651000A5E4C4 /* TabHeaderSpace.m */; };
		0EAE80451709651000A5E4C4 /* ReservationCell.xib in Resources */ = {isa = PBXBuildFile; fileRef = 0EAE80431709651000A5E4C4 /* ReservationCell.xib */; };
		0EAE804B1709654500A5E4C4 /* ProductHeader.m in Sources */ = {isa = PBXBuildFile; fileRef = 0EAE80491709654400A5E4C4 /* ProductHeader.m */; };
		0EAE804F1709658000A5E4C4 /* MJPopupBackgroundView.m in Sources */ = {isa = PBXBuildFile; fileRef = 0EAE804E1709658000A5E4C4 /* MJPopupBackgroundView.m */; };
		0EAE80531709659400A5E4C4 /* JSONKit.m in Sources */ = {isa = PBXBuildFile; fileRef = 0EAE80521709659400A5E4C4 /* JSONKit.m */; settings = {COMPILER_FLAGS = "-fno-objc-arc"; }; };
		0EAE8057170965AD00A5E4C4 /* Reachability.m in Sources */ = {isa = PBXBuildFile; fileRef = 0EAE8056170965AD00A5E4C4 /* Reachability.m */; settings = {COMPILER_FLAGS = "-fno-objc-arc"; }; };
		0EAE805B170965C800A5E4C4 /* STHTTPRequest.m in Sources */ = {isa = PBXBuildFile; fileRef = 0EAE805A170965C800A5E4C4 /* STHTTPRequest.m */; settings = {COMPILER_FLAGS = "-fno-objc-arc"; }; };
		0EAE805F170965E300A5E4C4 /* MBProgressHUD.m in Sources */ = {isa = PBXBuildFile; fileRef = 0EAE805D170965E300A5E4C4 /* MBProgressHUD.m */; settings = {COMPILER_FLAGS = "-fno-objc-arc"; }; };
		0EAE8063170965F900A5E4C4 /* GetPictureFromDevice.m in Sources */ = {isa = PBXBuildFile; fileRef = 0EAE8062170965F900A5E4C4 /* GetPictureFromDevice.m */; };
		0EAE80661709661500A5E4C4 /* UIViewController+MJPopupViewController.m in Sources */ = {isa = PBXBuildFile; fileRef = 0EAE80651709661500A5E4C4 /* UIViewController+MJPopupViewController.m */; };
		0EAE806E1709662900A5E4C4 /* Utils.m in Sources */ = {isa = PBXBuildFile; fileRef = 0EAE80691709662700A5E4C4 /* Utils.m */; };
		0EAE806F1709662900A5E4C4 /* NSDate+Additions.m in Sources */ = {isa = PBXBuildFile; fileRef = 0EAE806B1709662800A5E4C4 /* NSDate+Additions.m */; };
		0EAE80701709662900A5E4C4 /* UITextView+Border.m in Sources */ = {isa = PBXBuildFile; fileRef = 0EAE806D1709662800A5E4C4 /* UITextView+Border.m */; };
		0EE3F8FA172138CE000303E3 /* SVPullToRefresh.bundle in Resources */ = {isa = PBXBuildFile; fileRef = 0EE3F8F7172138CE000303E3 /* SVPullToRefresh.bundle */; };
		0EE3F8FB172138CE000303E3 /* SVPullToRefresh.m in Sources */ = {isa = PBXBuildFile; fileRef = 0EE3F8F9172138CE000303E3 /* SVPullToRefresh.m */; settings = {COMPILER_FLAGS = "-fno-objc-arc"; }; };
		0EF0E782171140370043C81D /* btn_cancel_active.png in Resources */ = {isa = PBXBuildFile; fileRef = 0EF0E781171140360043C81D /* btn_cancel_active.png */; };
		7024914616F5A68C009EC28D /* nav_bg.png in Resources */ = {isa = PBXBuildFile; fileRef = 7024914516F5A68B009EC28D /* nav_bg.png */; };
		7024914816F5A9E4009EC28D /* btn_cancel.jpg in Resources */ = {isa = PBXBuildFile; fileRef = 7024914716F5A9E4009EC28D /* btn_cancel.jpg */; };
		7024914B16F5B14F009EC28D /* BaseViewController.m in Sources */ = {isa = PBXBuildFile; fileRef = 7024914A16F5B14F009EC28D /* BaseViewController.m */; };
		7053131B16E31F7B00F64A16 /* AddViewController.m in Sources */ = {isa = PBXBuildFile; fileRef = 7053131916E31F7B00F64A16 /* AddViewController.m */; };
		7053131C16E31F7B00F64A16 /* AddViewController.xib in Resources */ = {isa = PBXBuildFile; fileRef = 7053131A16E31F7B00F64A16 /* AddViewController.xib */; };
		7053132016E3223C00F64A16 /* ComplaintViewController.m in Sources */ = {isa = PBXBuildFile; fileRef = 7053131E16E3223C00F64A16 /* ComplaintViewController.m */; };
		7053132116E3223C00F64A16 /* ComplaintViewController.xib in Resources */ = {isa = PBXBuildFile; fileRef = 7053131F16E3223C00F64A16 /* ComplaintViewController.xib */; };
		7053132516E3228200F64A16 /* PayViewController.m in Sources */ = {isa = PBXBuildFile; fileRef = 7053132316E3228200F64A16 /* PayViewController.m */; };
		7053132616E3228200F64A16 /* PayViewController.xib in Resources */ = {isa = PBXBuildFile; fileRef = 7053132416E3228200F64A16 /* PayViewController.xib */; };
		7053132A16E324E300F64A16 /* ReservationViewController.m in Sources */ = {isa = PBXBuildFile; fileRef = 7053132816E324E300F64A16 /* ReservationViewController.m */; };
		7053132B16E324E300F64A16 /* ReservationViewController.xib in Resources */ = {isa = PBXBuildFile; fileRef = 7053132916E324E300F64A16 /* ReservationViewController.xib */; };
		709995FF16F7FEE50039C761 /* collectioncell_bg.png in Resources */ = {isa = PBXBuildFile; fileRef = 709995FE16F7FEE50039C761 /* collectioncell_bg.png */; };
		7099960516F8055B0039C761 /* behind.png in Resources */ = {isa = PBXBuildFile; fileRef = 7099960016F8055B0039C761 /* behind.png */; };
		7099960616F8055B0039C761 /* front.png in Resources */ = {isa = PBXBuildFile; fileRef = 7099960116F8055B0039C761 /* front.png */; };
		7099960716F8055B0039C761 /* left.png in Resources */ = {isa = PBXBuildFile; fileRef = 7099960216F8055B0039C761 /* left.png */; };
		7099960816F8055B0039C761 /* piccell_bg.png in Resources */ = {isa = PBXBuildFile; fileRef = 7099960316F8055B0039C761 /* piccell_bg.png */; };
		7099960916F8055B0039C761 /* right.png in Resources */ = {isa = PBXBuildFile; fileRef = 7099960416F8055B0039C761 /* right.png */; };
		7099960B16F80C610039C761 /* category_nav.png in Resources */ = {isa = PBXBuildFile; fileRef = 7099960A16F80C610039C761 /* category_nav.png */; };
		7099960D16F814130039C761 /* confirm_bg.png in Resources */ = {isa = PBXBuildFile; fileRef = 7099960C16F814130039C761 /* confirm_bg.png */; };
		7099960F16F82B080039C761 /* p_head.png in Resources */ = {isa = PBXBuildFile; fileRef = 7099960E16F82B080039C761 /* p_head.png */; };
		7099961116F8306D0039C761 /* alert_bg.png in Resources */ = {isa = PBXBuildFile; fileRef = 7099961016F8306D0039C761 /* alert_bg.png */; };
		7099961316F841B40039C761 /* order_head.png in Resources */ = {isa = PBXBuildFile; fileRef = 7099961216F841B40039C761 /* order_head.png */; };
		7099961516F84BC60039C761 /* p_head_1.png in Resources */ = {isa = PBXBuildFile; fileRef = 7099961416F84BC60039C761 /* p_head_1.png */; };
		7099961716F8531D0039C761 /* dot_1_bg.png in Resources */ = {isa = PBXBuildFile; fileRef = 7099961616F8531D0039C761 /* dot_1_bg.png */; };
		7099D44F16F74D910006818E /* search_btn.png in Resources */ = {isa = PBXBuildFile; fileRef = 7099D44C16F74D910006818E /* search_btn.png */; };
		7099D45216F750F20006818E /* back.png in Resources */ = {isa = PBXBuildFile; fileRef = 7099D45016F750F20006818E /* back.png */; };
		7099D45316F750F20006818E /* lbl_bg.png in Resources */ = {isa = PBXBuildFile; fileRef = 7099D45116F750F20006818E /* lbl_bg.png */; };
		7099D45B16F75F840006818E /* dot_bg.png in Resources */ = {isa = PBXBuildFile; fileRef = 7099D45A16F75F840006818E /* dot_bg.png */; };
		7099D46116F773540006818E /* step_0.png in Resources */ = {isa = PBXBuildFile; fileRef = 7099D45C16F773540006818E /* step_0.png */; };
		7099D46216F773540006818E /* step_1.png in Resources */ = {isa = PBXBuildFile; fileRef = 7099D45D16F773540006818E /* step_1.png */; };
		7099D46316F773540006818E /* step_2.png in Resources */ = {isa = PBXBuildFile; fileRef = 7099D45E16F773540006818E /* step_2.png */; };
		7099D46416F773540006818E /* step_3.png in Resources */ = {isa = PBXBuildFile; fileRef = 7099D45F16F773540006818E /* step_3.png */; };
		7099D46516F773540006818E /* step_4.png in Resources */ = {isa = PBXBuildFile; fileRef = 7099D46016F773540006818E /* step_4.png */; };
		709AED2F16F065A20028C706 /* PayStyleViewController.m in Sources */ = {isa = PBXBuildFile; fileRef = 709AED2D16F065A20028C706 /* PayStyleViewController.m */; };
		709AED3016F065A20028C706 /* PayStyleViewController.xib in Resources */ = {isa = PBXBuildFile; fileRef = 709AED2E16F065A20028C706 /* PayStyleViewController.xib */; };
		70A1CC1016AFA763000B4C9F /* UIKit.framework in Frameworks */ = {isa = PBXBuildFile; fileRef = 70A1CC0F16AFA763000B4C9F /* UIKit.framework */; };
		70A1CC1216AFA763000B4C9F /* Foundation.framework in Frameworks */ = {isa = PBXBuildFile; fileRef = 70A1CC1116AFA763000B4C9F /* Foundation.framework */; };
		70A1CC1416AFA763000B4C9F /* CoreGraphics.framework in Frameworks */ = {isa = PBXBuildFile; fileRef = 70A1CC1316AFA763000B4C9F /* CoreGraphics.framework */; };
		70A1CC1A16AFA763000B4C9F /* InfoPlist.strings in Resources */ = {isa = PBXBuildFile; fileRef = 70A1CC1816AFA763000B4C9F /* InfoPlist.strings */; };
		70A1CC1C16AFA763000B4C9F /* main.m in Sources */ = {isa = PBXBuildFile; fileRef = 70A1CC1B16AFA763000B4C9F /* main.m */; };
		70A1CC2016AFA763000B4C9F /* AppDelegate.m in Sources */ = {isa = PBXBuildFile; fileRef = 70A1CC1F16AFA763000B4C9F /* AppDelegate.m */; };
		70A1CC2216AFA763000B4C9F /* Default.png in Resources */ = {isa = PBXBuildFile; fileRef = 70A1CC2116AFA763000B4C9F /* Default.png */; };
		70A1CC2416AFA763000B4C9F /* Default@2x.png in Resources */ = {isa = PBXBuildFile; fileRef = 70A1CC2316AFA763000B4C9F /* Default@2x.png */; };
		70A1CC2616AFA763000B4C9F /* Default-568h@2x.png in Resources */ = {isa = PBXBuildFile; fileRef = 70A1CC2516AFA763000B4C9F /* Default-568h@2x.png */; };
		70A1CC3916AFA89C000B4C9F /* DataService.m in Sources */ = {isa = PBXBuildFile; fileRef = 70A1CC3816AFA89C000B4C9F /* DataService.m */; };
		70A1CC4816AFAA50000B4C9F /* LoginViewController.m in Sources */ = {isa = PBXBuildFile; fileRef = 70A1CC4616AFAA50000B4C9F /* LoginViewController.m */; };
		70A1CC4916AFAA50000B4C9F /* LoginViewController.xib in Resources */ = {isa = PBXBuildFile; fileRef = 70A1CC4716AFAA50000B4C9F /* LoginViewController.xib */; };
		70A6F0E616E08B46004869EE /* CFNetwork.framework in Frameworks */ = {isa = PBXBuildFile; fileRef = 70A6F0E516E08B46004869EE /* CFNetwork.framework */; };
		70A6F0E816E08B57004869EE /* SystemConfiguration.framework in Frameworks */ = {isa = PBXBuildFile; fileRef = 70A6F0E716E08B57004869EE /* SystemConfiguration.framework */; };
		70A6F0F016E09887004869EE /* OrderViewController.m in Sources */ = {isa = PBXBuildFile; fileRef = 70A6F0EE16E09887004869EE /* OrderViewController.m */; };
		70A6F0F116E09887004869EE /* OrderViewController.xib in Resources */ = {isa = PBXBuildFile; fileRef = 70A6F0EF16E09887004869EE /* OrderViewController.xib */; };
		70D552C516F6DBA20023B575 /* QPOS HD.ipa in Resources */ = {isa = PBXBuildFile; fileRef = 70D552C416F6DBA20023B575 /* QPOS HD.ipa */; };
		70D8CEDC16F956400028F1F8 /* r_head.jpg in Resources */ = {isa = PBXBuildFile; fileRef = 70D8CEDB16F956400028F1F8 /* r_head.jpg */; };
		70D8CEE016F98CA20028F1F8 /* PicViewController.m in Sources */ = {isa = PBXBuildFile; fileRef = 70D8CEDE16F98CA20028F1F8 /* PicViewController.m */; };
		70D8CEE116F98CA20028F1F8 /* PicViewController.xib in Resources */ = {isa = PBXBuildFile; fileRef = 70D8CEDF16F98CA20028F1F8 /* PicViewController.xib */; };
		70D8E14516AFABFB00BC8F16 /* MainViewController.m in Sources */ = {isa = PBXBuildFile; fileRef = 70D8E14316AFABFB00BC8F16 /* MainViewController.m */; };
		70D8E14616AFABFB00BC8F16 /* MainViewController.xib in Resources */ = {isa = PBXBuildFile; fileRef = 70D8E14416AFABFB00BC8F16 /* MainViewController.xib */; };
		70E8288A16E85C1700A8AA70 /* ConfirmViewController.m in Sources */ = {isa = PBXBuildFile; fileRef = 70E8288816E85C1700A8AA70 /* ConfirmViewController.m */; };
		70E8288B16E85C1700A8AA70 /* ConfirmViewController.xib in Resources */ = {isa = PBXBuildFile; fileRef = 70E8288916E85C1700A8AA70 /* ConfirmViewController.xib */; };
		70F8378716F2B74900684F79 /* login_bg.jpg in Resources */ = {isa = PBXBuildFile; fileRef = 70F8378416F2B74900684F79 /* login_bg.jpg */; };
/* End PBXBuildFile section */

/* Begin PBXFileReference section */
		0E1705C01709676300146DAB /* QuartzCore.framework */ = {isa = PBXFileReference; lastKnownFileType = wrapper.framework; name = QuartzCore.framework; path = System/Library/Frameworks/QuartzCore.framework; sourceTree = SDKROOT; };
		0E49BA8F1713C03000D4E60E /* custom-button-normal.png */ = {isa = PBXFileReference; lastKnownFileType = image.png; path = "custom-button-normal.png"; sourceTree = "<group>"; };
		0E49BA901713C03000D4E60E /* custom-button-normal@2x.png */ = {isa = PBXFileReference; lastKnownFileType = image.png; path = "custom-button-normal@2x.png"; sourceTree = "<group>"; };
		0E49BA911713C03000D4E60E /* custom-cancel-normal.png */ = {isa = PBXFileReference; lastKnownFileType = image.png; path = "custom-cancel-normal.png"; sourceTree = "<group>"; };
		0E49BA921713C03000D4E60E /* custom-cancel-normal@2x.png */ = {isa = PBXFileReference; lastKnownFileType = image.png; path = "custom-cancel-normal@2x.png"; sourceTree = "<group>"; };
		0E49BA931713C03000D4E60E /* custom-dialog-background.png */ = {isa = PBXFileReference; lastKnownFileType = image.png; path = "custom-dialog-background.png"; sourceTree = "<group>"; };
		0E49BA941713C03000D4E60E /* custom-dialog-background@2x.png */ = {isa = PBXFileReference; lastKnownFileType = image.png; path = "custom-dialog-background@2x.png"; sourceTree = "<group>"; };
		0E49BA951713C03000D4E60E /* AHAlertView.h */ = {isa = PBXFileReference; fileEncoding = 4; lastKnownFileType = sourcecode.c.h; path = AHAlertView.h; sourceTree = "<group>"; };
		0E49BA961713C03000D4E60E /* AHAlertView.m */ = {isa = PBXFileReference; fileEncoding = 4; lastKnownFileType = sourcecode.c.objc; path = AHAlertView.m; sourceTree = "<group>"; };
		0E91E68E1713FEB000A847BE /* down.png */ = {isa = PBXFileReference; lastKnownFileType = image.png; path = down.png; sourceTree = "<group>"; };
		0E92C08117156204003B293C /* sx.png */ = {isa = PBXFileReference; lastKnownFileType = image.png; path = sx.png; sourceTree = "<group>"; };
		0E9745EB170524BC00C62363 /* InitViewController.h */ = {isa = PBXFileReference; fileEncoding = 4; lastKnownFileType = sourcecode.c.h; path = InitViewController.h; sourceTree = "<group>"; };
		0E9745EC170524BC00C62363 /* InitViewController.m */ = {isa = PBXFileReference; fileEncoding = 4; lastKnownFileType = sourcecode.c.objc; path = InitViewController.m; sourceTree = "<group>"; };
		0E9745ED170524BC00C62363 /* InitViewController.xib */ = {isa = PBXFileReference; fileEncoding = 4; lastKnownFileType = file.xib; path = InitViewController.xib; sourceTree = "<group>"; };
		0E98DFD2170BB2F400325A9C /* cb_mono_off.png */ = {isa = PBXFileReference; lastKnownFileType = image.png; path = cb_mono_off.png; sourceTree = "<group>"; };
		0E98DFD3170BB2F400325A9C /* cb_mono_off@2x.png */ = {isa = PBXFileReference; lastKnownFileType = image.png; path = "cb_mono_off@2x.png"; sourceTree = "<group>"; };
		0E98DFD4170BB2F400325A9C /* cb_mono_on.png */ = {isa = PBXFileReference; lastKnownFileType = image.png; path = cb_mono_on.png; sourceTree = "<group>"; };
		0E98DFD5170BB2F400325A9C /* cb_mono_on@2x.png */ = {isa = PBXFileReference; lastKnownFileType = image.png; path = "cb_mono_on@2x.png"; sourceTree = "<group>"; };
		0EA5FBC616FC3C3B00ADA6DD /* divider.png */ = {isa = PBXFileReference; lastKnownFileType = image.png; path = divider.png; sourceTree = "<group>"; };
		0EA75138170A6A9800B3CAFC /* order.png */ = {isa = PBXFileReference; lastKnownFileType = image.png; path = order.png; sourceTree = "<group>"; };
		0EA987E717002F560021D80B /* login.png */ = {isa = PBXFileReference; lastKnownFileType = image.png; path = login.png; sourceTree = "<group>"; };
		0EA987E817002F560021D80B /* search_bg.png */ = {isa = PBXFileReference; lastKnownFileType = image.png; path = search_bg.png; sourceTree = "<group>"; };
		0EA987E917002F570021D80B /* open_bg.png */ = {isa = PBXFileReference; lastKnownFileType = image.png; path = open_bg.png; sourceTree = "<group>"; };
		0EA987F1170030EA0021D80B /* close_btn.png */ = {isa = PBXFileReference; lastKnownFileType = image.png; path = close_btn.png; sourceTree = "<group>"; };
		0EA987F2170030EC0021D80B /* open_btn.png */ = {isa = PBXFileReference; lastKnownFileType = image.png; path = open_btn.png; sourceTree = "<group>"; };
		0EA987F91700363A0021D80B /* view_bg.png */ = {isa = PBXFileReference; lastKnownFileType = image.png; path = view_bg.png; sourceTree = "<group>"; };
		0EA987FA1700363B0021D80B /* order_bg.png */ = {isa = PBXFileReference; lastKnownFileType = image.png; path = order_bg.png; sourceTree = "<group>"; };
		0EA9880B17003F950021D80B /* search_btn_highted.png */ = {isa = PBXFileReference; lastKnownFileType = image.png; path = search_btn_highted.png; sourceTree = "<group>"; };
		0EA98811170044AB0021D80B /* btn_bg_active.png */ = {isa = PBXFileReference; lastKnownFileType = image.png; path = btn_bg_active.png; sourceTree = "<group>"; };
		0EA98812170044B20021D80B /* btn_bg.png */ = {isa = PBXFileReference; lastKnownFileType = image.png; path = btn_bg.png; sourceTree = "<group>"; };
		0EA9881517004FE70021D80B /* pic_bg.png */ = {isa = PBXFileReference; lastKnownFileType = image.png; path = pic_bg.png; sourceTree = "<group>"; };
		0EA98817170057650021D80B /* lantan_login.png */ = {isa = PBXFileReference; lastKnownFileType = image.png; path = lantan_login.png; sourceTree = "<group>"; };
		0EA98818170057670021D80B /* lantan_login_active.png */ = {isa = PBXFileReference; lastKnownFileType = image.png; path = lantan_login_active.png; sourceTree = "<group>"; };
		0EAE801B170964D500A5E4C4 /* OldProductCell.m */ = {isa = PBXFileReference; fileEncoding = 4; lastKnownFileType = sourcecode.c.objc; path = OldProductCell.m; sourceTree = "<group>"; };
		0EAE801C170964D500A5E4C4 /* TabHeaderSpace.h */ = {isa = PBXFileReference; fileEncoding = 4; lastKnownFileType = sourcecode.c.h; path = TabHeaderSpace.h; sourceTree = "<group>"; };
		0EAE801D170964D500A5E4C4 /* CollectionCell.xib */ = {isa = PBXFileReference; fileEncoding = 4; lastKnownFileType = file.xib; path = CollectionCell.xib; sourceTree = "<group>"; };
		0EAE801E170964D500A5E4C4 /* ServiceCell.xib */ = {isa = PBXFileReference; fileEncoding = 4; lastKnownFileType = file.xib; path = ServiceCell.xib; sourceTree = "<group>"; };
		0EAE801F170964D500A5E4C4 /* SVCardCell.xib */ = {isa = PBXFileReference; fileEncoding = 4; lastKnownFileType = file.xib; path = SVCardCell.xib; sourceTree = "<group>"; };
		0EAE8020170964D500A5E4C4 /* TabHeader.m */ = {isa = PBXFileReference; fileEncoding = 4; lastKnownFileType = sourcecode.c.objc; path = TabHeader.m; sourceTree = "<group>"; };
		0EAE8021170964D500A5E4C4 /* ProductCell.m */ = {isa = PBXFileReference; fileEncoding = 4; lastKnownFileType = sourcecode.c.objc; path = ProductCell.m; sourceTree = "<group>"; };
		0EAE8022170964D500A5E4C4 /* ProductCell.h */ = {isa = PBXFileReference; fileEncoding = 4; lastKnownFileType = sourcecode.c.h; path = ProductCell.h; sourceTree = "<group>"; };
		0EAE8023170964D500A5E4C4 /* TabHeader.h */ = {isa = PBXFileReference; fileEncoding = 4; lastKnownFileType = sourcecode.c.h; path = TabHeader.h; sourceTree = "<group>"; };
		0EAE8024170964D500A5E4C4 /* PackageCardCell.m */ = {isa = PBXFileReference; fileEncoding = 4; lastKnownFileType = sourcecode.c.objc; path = PackageCardCell.m; sourceTree = "<group>"; };
		0EAE8025170964D500A5E4C4 /* CollectionCell.h */ = {isa = PBXFileReference; fileEncoding = 4; lastKnownFileType = sourcecode.c.h; path = CollectionCell.h; sourceTree = "<group>"; };
		0EAE8026170964D500A5E4C4 /* CollectionCell.m */ = {isa = PBXFileReference; fileEncoding = 4; lastKnownFileType = sourcecode.c.objc; path = CollectionCell.m; sourceTree = "<group>"; };
		0EAE8027170964D500A5E4C4 /* CollectionHeader.h */ = {isa = PBXFileReference; fileEncoding = 4; lastKnownFileType = sourcecode.c.h; path = CollectionHeader.h; sourceTree = "<group>"; };
		0EAE8028170964D500A5E4C4 /* CollectionHeader.m */ = {isa = PBXFileReference; fileEncoding = 4; lastKnownFileType = sourcecode.c.objc; path = CollectionHeader.m; sourceTree = "<group>"; };
		0EAE8029170964D500A5E4C4 /* CollectionViewLayout.h */ = {isa = PBXFileReference; fileEncoding = 4; lastKnownFileType = sourcecode.c.h; path = CollectionViewLayout.h; sourceTree = "<group>"; };
		0EAE802A170964D500A5E4C4 /* CollectionViewLayout.m */ = {isa = PBXFileReference; fileEncoding = 4; lastKnownFileType = sourcecode.c.objc; path = CollectionViewLayout.m; sourceTree = "<group>"; };
		0EAE802B170964D500A5E4C4 /* PictureCell.h */ = {isa = PBXFileReference; fileEncoding = 4; lastKnownFileType = sourcecode.c.h; path = PictureCell.h; sourceTree = "<group>"; };
		0EAE802C170964D500A5E4C4 /* PictureCell.m */ = {isa = PBXFileReference; fileEncoding = 4; lastKnownFileType = sourcecode.c.objc; path = PictureCell.m; sourceTree = "<group>"; };
		0EAE802D170964D500A5E4C4 /* ReservationCell.m */ = {isa = PBXFileReference; fileEncoding = 4; lastKnownFileType = sourcecode.c.objc; path = ReservationCell.m; sourceTree = "<group>"; };
		0EAE802E170964D500A5E4C4 /* ServiceCell.h */ = {isa = PBXFileReference; fileEncoding = 4; lastKnownFileType = sourcecode.c.h; path = ServiceCell.h; sourceTree = "<group>"; };
		0EAE802F170964D500A5E4C4 /* ServiceCell.m */ = {isa = PBXFileReference; fileEncoding = 4; lastKnownFileType = sourcecode.c.objc; path = ServiceCell.m; sourceTree = "<group>"; };
		0EAE8030170964D500A5E4C4 /* SVCardCell.h */ = {isa = PBXFileReference; fileEncoding = 4; lastKnownFileType = sourcecode.c.h; path = SVCardCell.h; sourceTree = "<group>"; };
		0EAE8031170964D500A5E4C4 /* SVCardCell.m */ = {isa = PBXFileReference; fileEncoding = 4; lastKnownFileType = sourcecode.c.objc; path = SVCardCell.m; sourceTree = "<group>"; };
		0EAE80401709650000A5E4C4 /* CollectionHeader.xib */ = {isa = PBXFileReference; fileEncoding = 4; lastKnownFileType = file.xib; path = CollectionHeader.xib; sourceTree = "<group>"; };
		0EAE80421709651000A5E4C4 /* TabHeaderSpace.m */ = {isa = PBXFileReference; fileEncoding = 4; lastKnownFileType = sourcecode.c.objc; path = TabHeaderSpace.m; sourceTree = "<group>"; };
		0EAE80431709651000A5E4C4 /* ReservationCell.xib */ = {isa = PBXFileReference; fileEncoding = 4; lastKnownFileType = file.xib; path = ReservationCell.xib; sourceTree = "<group>"; };
		0EAE80461709654300A5E4C4 /* OldProductCell.h */ = {isa = PBXFileReference; fileEncoding = 4; lastKnownFileType = sourcecode.c.h; path = OldProductCell.h; sourceTree = "<group>"; };
		0EAE80471709654400A5E4C4 /* PackageCardCell.h */ = {isa = PBXFileReference; fileEncoding = 4; lastKnownFileType = sourcecode.c.h; path = PackageCardCell.h; sourceTree = "<group>"; };
		0EAE80481709654400A5E4C4 /* ProductHeader.h */ = {isa = PBXFileReference; fileEncoding = 4; lastKnownFileType = sourcecode.c.h; path = ProductHeader.h; sourceTree = "<group>"; };
		0EAE80491709654400A5E4C4 /* ProductHeader.m */ = {isa = PBXFileReference; fileEncoding = 4; lastKnownFileType = sourcecode.c.objc; path = ProductHeader.m; sourceTree = "<group>"; };
		0EAE804A1709654500A5E4C4 /* ReservationCell.h */ = {isa = PBXFileReference; fileEncoding = 4; lastKnownFileType = sourcecode.c.h; path = ReservationCell.h; sourceTree = "<group>"; };
		0EAE804D1709658000A5E4C4 /* MJPopupBackgroundView.h */ = {isa = PBXFileReference; fileEncoding = 4; lastKnownFileType = sourcecode.c.h; path = MJPopupBackgroundView.h; sourceTree = "<group>"; };
		0EAE804E1709658000A5E4C4 /* MJPopupBackgroundView.m */ = {isa = PBXFileReference; fileEncoding = 4; lastKnownFileType = sourcecode.c.objc; path = MJPopupBackgroundView.m; sourceTree = "<group>"; };
		0EAE80511709659400A5E4C4 /* JSONKit.h */ = {isa = PBXFileReference; fileEncoding = 4; lastKnownFileType = sourcecode.c.h; path = JSONKit.h; sourceTree = "<group>"; };
		0EAE80521709659400A5E4C4 /* JSONKit.m */ = {isa = PBXFileReference; fileEncoding = 4; lastKnownFileType = sourcecode.c.objc; path = JSONKit.m; sourceTree = "<group>"; };
		0EAE8055170965AD00A5E4C4 /* Reachability.h */ = {isa = PBXFileReference; fileEncoding = 4; lastKnownFileType = sourcecode.c.h; path = Reachability.h; sourceTree = "<group>"; };
		0EAE8056170965AD00A5E4C4 /* Reachability.m */ = {isa = PBXFileReference; fileEncoding = 4; lastKnownFileType = sourcecode.c.objc; path = Reachability.m; sourceTree = "<group>"; };
		0EAE8059170965C800A5E4C4 /* STHTTPRequest.h */ = {isa = PBXFileReference; fileEncoding = 4; lastKnownFileType = sourcecode.c.h; path = STHTTPRequest.h; sourceTree = "<group>"; };
		0EAE805A170965C800A5E4C4 /* STHTTPRequest.m */ = {isa = PBXFileReference; fileEncoding = 4; lastKnownFileType = sourcecode.c.objc; path = STHTTPRequest.m; sourceTree = "<group>"; };
		0EAE805D170965E300A5E4C4 /* MBProgressHUD.m */ = {isa = PBXFileReference; fileEncoding = 4; lastKnownFileType = sourcecode.c.objc; path = MBProgressHUD.m; sourceTree = "<group>"; };
		0EAE805E170965E300A5E4C4 /* MBProgressHUD.h */ = {isa = PBXFileReference; fileEncoding = 4; lastKnownFileType = sourcecode.c.h; path = MBProgressHUD.h; sourceTree = "<group>"; };
		0EAE8061170965F900A5E4C4 /* GetPictureFromDevice.h */ = {isa = PBXFileReference; fileEncoding = 4; lastKnownFileType = sourcecode.c.h; path = GetPictureFromDevice.h; sourceTree = "<group>"; };
		0EAE8062170965F900A5E4C4 /* GetPictureFromDevice.m */ = {isa = PBXFileReference; fileEncoding = 4; lastKnownFileType = sourcecode.c.objc; path = GetPictureFromDevice.m; sourceTree = "<group>"; };
		0EAE80641709661500A5E4C4 /* UIViewController+MJPopupViewController.h */ = {isa = PBXFileReference; fileEncoding = 4; lastKnownFileType = sourcecode.c.h; path = "UIViewController+MJPopupViewController.h"; sourceTree = "<group>"; };
		0EAE80651709661500A5E4C4 /* UIViewController+MJPopupViewController.m */ = {isa = PBXFileReference; fileEncoding = 4; lastKnownFileType = sourcecode.c.objc; path = "UIViewController+MJPopupViewController.m"; sourceTree = "<group>"; };
		0EAE80671709662700A5E4C4 /* Const.h */ = {isa = PBXFileReference; fileEncoding = 4; lastKnownFileType = sourcecode.c.h; path = Const.h; sourceTree = "<group>"; };
		0EAE80681709662700A5E4C4 /* Utils.h */ = {isa = PBXFileReference; fileEncoding = 4; lastKnownFileType = sourcecode.c.h; path = Utils.h; sourceTree = "<group>"; };
		0EAE80691709662700A5E4C4 /* Utils.m */ = {isa = PBXFileReference; fileEncoding = 4; lastKnownFileType = sourcecode.c.objc; path = Utils.m; sourceTree = "<group>"; };
		0EAE806A1709662800A5E4C4 /* NSDate+Additions.h */ = {isa = PBXFileReference; fileEncoding = 4; lastKnownFileType = sourcecode.c.h; path = "NSDate+Additions.h"; sourceTree = "<group>"; };
		0EAE806B1709662800A5E4C4 /* NSDate+Additions.m */ = {isa = PBXFileReference; fileEncoding = 4; lastKnownFileType = sourcecode.c.objc; path = "NSDate+Additions.m"; sourceTree = "<group>"; };
		0EAE806C1709662800A5E4C4 /* UITextView+Border.h */ = {isa = PBXFileReference; fileEncoding = 4; lastKnownFileType = sourcecode.c.h; path = "UITextView+Border.h"; sourceTree = "<group>"; };
		0EAE806D1709662800A5E4C4 /* UITextView+Border.m */ = {isa = PBXFileReference; fileEncoding = 4; lastKnownFileType = sourcecode.c.objc; path = "UITextView+Border.m"; sourceTree = "<group>"; };
		0EE3F8F7172138CE000303E3 /* SVPullToRefresh.bundle */ = {isa = PBXFileReference; lastKnownFileType = "wrapper.plug-in"; path = SVPullToRefresh.bundle; sourceTree = "<group>"; };
		0EE3F8F8172138CE000303E3 /* SVPullToRefresh.h */ = {isa = PBXFileReference; fileEncoding = 4; lastKnownFileType = sourcecode.c.h; path = SVPullToRefresh.h; sourceTree = "<group>"; };
		0EE3F8F9172138CE000303E3 /* SVPullToRefresh.m */ = {isa = PBXFileReference; fileEncoding = 4; lastKnownFileType = sourcecode.c.objc; path = SVPullToRefresh.m; sourceTree = "<group>"; };
		0EF0E781171140360043C81D /* btn_cancel_active.png */ = {isa = PBXFileReference; lastKnownFileType = image.png; path = btn_cancel_active.png; sourceTree = "<group>"; };
		7024914516F5A68B009EC28D /* nav_bg.png */ = {isa = PBXFileReference; lastKnownFileType = image.png; path = nav_bg.png; sourceTree = "<group>"; };
		7024914716F5A9E4009EC28D /* btn_cancel.jpg */ = {isa = PBXFileReference; lastKnownFileType = image.jpeg; path = btn_cancel.jpg; sourceTree = "<group>"; };
		7024914916F5B14E009EC28D /* BaseViewController.h */ = {isa = PBXFileReference; fileEncoding = 4; lastKnownFileType = sourcecode.c.h; path = BaseViewController.h; sourceTree = "<group>"; };
		7024914A16F5B14F009EC28D /* BaseViewController.m */ = {isa = PBXFileReference; fileEncoding = 4; lastKnownFileType = sourcecode.c.objc; path = BaseViewController.m; sourceTree = "<group>"; };
		7053131816E31F7B00F64A16 /* AddViewController.h */ = {isa = PBXFileReference; fileEncoding = 4; lastKnownFileType = sourcecode.c.h; path = AddViewController.h; sourceTree = "<group>"; };
		7053131916E31F7B00F64A16 /* AddViewController.m */ = {isa = PBXFileReference; fileEncoding = 4; lastKnownFileType = sourcecode.c.objc; path = AddViewController.m; sourceTree = "<group>"; };
		7053131A16E31F7B00F64A16 /* AddViewController.xib */ = {isa = PBXFileReference; fileEncoding = 4; lastKnownFileType = file.xib; path = AddViewController.xib; sourceTree = "<group>"; };
		7053131D16E3223C00F64A16 /* ComplaintViewController.h */ = {isa = PBXFileReference; fileEncoding = 4; lastKnownFileType = sourcecode.c.h; path = ComplaintViewController.h; sourceTree = "<group>"; };
		7053131E16E3223C00F64A16 /* ComplaintViewController.m */ = {isa = PBXFileReference; fileEncoding = 4; lastKnownFileType = sourcecode.c.objc; path = ComplaintViewController.m; sourceTree = "<group>"; };
		7053131F16E3223C00F64A16 /* ComplaintViewController.xib */ = {isa = PBXFileReference; fileEncoding = 4; lastKnownFileType = file.xib; path = ComplaintViewController.xib; sourceTree = "<group>"; };
		7053132216E3228200F64A16 /* PayViewController.h */ = {isa = PBXFileReference; fileEncoding = 4; lastKnownFileType = sourcecode.c.h; path = PayViewController.h; sourceTree = "<group>"; };
		7053132316E3228200F64A16 /* PayViewController.m */ = {isa = PBXFileReference; fileEncoding = 4; lastKnownFileType = sourcecode.c.objc; path = PayViewController.m; sourceTree = "<group>"; };
		7053132416E3228200F64A16 /* PayViewController.xib */ = {isa = PBXFileReference; fileEncoding = 4; lastKnownFileType = file.xib; path = PayViewController.xib; sourceTree = "<group>"; };
		7053132716E324E300F64A16 /* ReservationViewController.h */ = {isa = PBXFileReference; fileEncoding = 4; lastKnownFileType = sourcecode.c.h; path = ReservationViewController.h; sourceTree = "<group>"; };
		7053132816E324E300F64A16 /* ReservationViewController.m */ = {isa = PBXFileReference; fileEncoding = 4; lastKnownFileType = sourcecode.c.objc; path = ReservationViewController.m; sourceTree = "<group>"; };
		7053132916E324E300F64A16 /* ReservationViewController.xib */ = {isa = PBXFileReference; fileEncoding = 4; lastKnownFileType = file.xib; path = ReservationViewController.xib; sourceTree = "<group>"; };
		709995FE16F7FEE50039C761 /* collectioncell_bg.png */ = {isa = PBXFileReference; lastKnownFileType = image.png; path = collectioncell_bg.png; sourceTree = "<group>"; };
		7099960016F8055B0039C761 /* behind.png */ = {isa = PBXFileReference; lastKnownFileType = image.png; path = behind.png; sourceTree = "<group>"; };
		7099960116F8055B0039C761 /* front.png */ = {isa = PBXFileReference; lastKnownFileType = image.png; path = front.png; sourceTree = "<group>"; };
		7099960216F8055B0039C761 /* left.png */ = {isa = PBXFileReference; lastKnownFileType = image.png; path = left.png; sourceTree = "<group>"; };
		7099960316F8055B0039C761 /* piccell_bg.png */ = {isa = PBXFileReference; lastKnownFileType = image.png; path = piccell_bg.png; sourceTree = "<group>"; };
		7099960416F8055B0039C761 /* right.png */ = {isa = PBXFileReference; lastKnownFileType = image.png; path = right.png; sourceTree = "<group>"; };
		7099960A16F80C610039C761 /* category_nav.png */ = {isa = PBXFileReference; lastKnownFileType = image.png; path = category_nav.png; sourceTree = "<group>"; };
		7099960C16F814130039C761 /* confirm_bg.png */ = {isa = PBXFileReference; lastKnownFileType = image.png; path = confirm_bg.png; sourceTree = "<group>"; };
		7099960E16F82B080039C761 /* p_head.png */ = {isa = PBXFileReference; lastKnownFileType = image.png; path = p_head.png; sourceTree = "<group>"; };
		7099961016F8306D0039C761 /* alert_bg.png */ = {isa = PBXFileReference; lastKnownFileType = image.png; path = alert_bg.png; sourceTree = "<group>"; };
		7099961216F841B40039C761 /* order_head.png */ = {isa = PBXFileReference; lastKnownFileType = image.png; path = order_head.png; sourceTree = "<group>"; };
		7099961416F84BC60039C761 /* p_head_1.png */ = {isa = PBXFileReference; lastKnownFileType = image.png; path = p_head_1.png; sourceTree = "<group>"; };
		7099961616F8531D0039C761 /* dot_1_bg.png */ = {isa = PBXFileReference; lastKnownFileType = image.png; path = dot_1_bg.png; sourceTree = "<group>"; };
		7099D44C16F74D910006818E /* search_btn.png */ = {isa = PBXFileReference; lastKnownFileType = image.png; path = search_btn.png; sourceTree = "<group>"; };
		7099D45016F750F20006818E /* back.png */ = {isa = PBXFileReference; lastKnownFileType = image.png; path = back.png; sourceTree = "<group>"; };
		7099D45116F750F20006818E /* lbl_bg.png */ = {isa = PBXFileReference; lastKnownFileType = image.png; path = lbl_bg.png; sourceTree = "<group>"; };
		7099D45A16F75F840006818E /* dot_bg.png */ = {isa = PBXFileReference; lastKnownFileType = image.png; path = dot_bg.png; sourceTree = "<group>"; };
		7099D45C16F773540006818E /* step_0.png */ = {isa = PBXFileReference; lastKnownFileType = image.png; path = step_0.png; sourceTree = "<group>"; };
		7099D45D16F773540006818E /* step_1.png */ = {isa = PBXFileReference; lastKnownFileType = image.png; path = step_1.png; sourceTree = "<group>"; };
		7099D45E16F773540006818E /* step_2.png */ = {isa = PBXFileReference; lastKnownFileType = image.png; path = step_2.png; sourceTree = "<group>"; };
		7099D45F16F773540006818E /* step_3.png */ = {isa = PBXFileReference; lastKnownFileType = image.png; path = step_3.png; sourceTree = "<group>"; };
		7099D46016F773540006818E /* step_4.png */ = {isa = PBXFileReference; lastKnownFileType = image.png; path = step_4.png; sourceTree = "<group>"; };
		709AED2C16F065A20028C706 /* PayStyleViewController.h */ = {isa = PBXFileReference; fileEncoding = 4; lastKnownFileType = sourcecode.c.h; path = PayStyleViewController.h; sourceTree = "<group>"; };
		709AED2D16F065A20028C706 /* PayStyleViewController.m */ = {isa = PBXFileReference; fileEncoding = 4; lastKnownFileType = sourcecode.c.objc; path = PayStyleViewController.m; sourceTree = "<group>"; };
		709AED2E16F065A20028C706 /* PayStyleViewController.xib */ = {isa = PBXFileReference; fileEncoding = 4; lastKnownFileType = file.xib; path = PayStyleViewController.xib; sourceTree = "<group>"; };
		70A1CC0B16AFA763000B4C9F /* LanTaiOrder.app */ = {isa = PBXFileReference; explicitFileType = wrapper.application; includeInIndex = 0; path = LanTaiOrder.app; sourceTree = BUILT_PRODUCTS_DIR; };
		70A1CC0F16AFA763000B4C9F /* UIKit.framework */ = {isa = PBXFileReference; lastKnownFileType = wrapper.framework; name = UIKit.framework; path = System/Library/Frameworks/UIKit.framework; sourceTree = SDKROOT; };
		70A1CC1116AFA763000B4C9F /* Foundation.framework */ = {isa = PBXFileReference; lastKnownFileType = wrapper.framework; name = Foundation.framework; path = System/Library/Frameworks/Foundation.framework; sourceTree = SDKROOT; };
		70A1CC1316AFA763000B4C9F /* CoreGraphics.framework */ = {isa = PBXFileReference; lastKnownFileType = wrapper.framework; name = CoreGraphics.framework; path = System/Library/Frameworks/CoreGraphics.framework; sourceTree = SDKROOT; };
		70A1CC1916AFA763000B4C9F /* en */ = {isa = PBXFileReference; lastKnownFileType = text.plist.strings; name = en; path = en.lproj/InfoPlist.strings; sourceTree = "<group>"; };
		70A1CC1B16AFA763000B4C9F /* main.m */ = {isa = PBXFileReference; lastKnownFileType = sourcecode.c.objc; path = main.m; sourceTree = "<group>"; };
		70A1CC1D16AFA763000B4C9F /* LanTaiOrder-Prefix.pch */ = {isa = PBXFileReference; lastKnownFileType = sourcecode.c.h; path = "LanTaiOrder-Prefix.pch"; sourceTree = "<group>"; };
		70A1CC1E16AFA763000B4C9F /* AppDelegate.h */ = {isa = PBXFileReference; lastKnownFileType = sourcecode.c.h; path = AppDelegate.h; sourceTree = "<group>"; };
		70A1CC1F16AFA763000B4C9F /* AppDelegate.m */ = {isa = PBXFileReference; lastKnownFileType = sourcecode.c.objc; path = AppDelegate.m; sourceTree = "<group>"; };
		70A1CC2116AFA763000B4C9F /* Default.png */ = {isa = PBXFileReference; lastKnownFileType = image.png; path = Default.png; sourceTree = "<group>"; };
		70A1CC2316AFA763000B4C9F /* Default@2x.png */ = {isa = PBXFileReference; lastKnownFileType = image.png; path = "Default@2x.png"; sourceTree = "<group>"; };
		70A1CC2516AFA763000B4C9F /* Default-568h@2x.png */ = {isa = PBXFileReference; lastKnownFileType = image.png; path = "Default-568h@2x.png"; sourceTree = "<group>"; };
		70A1CC3716AFA89C000B4C9F /* DataService.h */ = {isa = PBXFileReference; fileEncoding = 4; lastKnownFileType = sourcecode.c.h; path = DataService.h; sourceTree = "<group>"; };
		70A1CC3816AFA89C000B4C9F /* DataService.m */ = {isa = PBXFileReference; fileEncoding = 4; lastKnownFileType = sourcecode.c.objc; path = DataService.m; sourceTree = "<group>"; };
		70A1CC4516AFAA50000B4C9F /* LoginViewController.h */ = {isa = PBXFileReference; fileEncoding = 4; lastKnownFileType = sourcecode.c.h; path = LoginViewController.h; sourceTree = "<group>"; };
		70A1CC4616AFAA50000B4C9F /* LoginViewController.m */ = {isa = PBXFileReference; fileEncoding = 4; lastKnownFileType = sourcecode.c.objc; path = LoginViewController.m; sourceTree = "<group>"; };
		70A1CC4716AFAA50000B4C9F /* LoginViewController.xib */ = {isa = PBXFileReference; fileEncoding = 4; lastKnownFileType = file.xib; path = LoginViewController.xib; sourceTree = "<group>"; };
		70A6F0E516E08B46004869EE /* CFNetwork.framework */ = {isa = PBXFileReference; lastKnownFileType = wrapper.framework; name = CFNetwork.framework; path = System/Library/Frameworks/CFNetwork.framework; sourceTree = SDKROOT; };
		70A6F0E716E08B57004869EE /* SystemConfiguration.framework */ = {isa = PBXFileReference; lastKnownFileType = wrapper.framework; name = SystemConfiguration.framework; path = System/Library/Frameworks/SystemConfiguration.framework; sourceTree = SDKROOT; };
		70A6F0ED16E09887004869EE /* OrderViewController.h */ = {isa = PBXFileReference; fileEncoding = 4; lastKnownFileType = sourcecode.c.h; path = OrderViewController.h; sourceTree = "<group>"; };
		70A6F0EE16E09887004869EE /* OrderViewController.m */ = {isa = PBXFileReference; fileEncoding = 4; lastKnownFileType = sourcecode.c.objc; path = OrderViewController.m; sourceTree = "<group>"; };
		70A6F0EF16E09887004869EE /* OrderViewController.xib */ = {isa = PBXFileReference; fileEncoding = 4; lastKnownFileType = file.xib; path = OrderViewController.xib; sourceTree = "<group>"; };
		70D552C416F6DBA20023B575 /* QPOS HD.ipa */ = {isa = PBXFileReference; lastKnownFileType = file; name = "QPOS HD.ipa"; path = "LanTaiOrder/QPOS HD.ipa"; sourceTree = "<group>"; };
		70D8CEDB16F956400028F1F8 /* r_head.jpg */ = {isa = PBXFileReference; lastKnownFileType = image.jpeg; path = r_head.jpg; sourceTree = "<group>"; };
		70D8CEDD16F98CA20028F1F8 /* PicViewController.h */ = {isa = PBXFileReference; fileEncoding = 4; lastKnownFileType = sourcecode.c.h; path = PicViewController.h; sourceTree = "<group>"; };
		70D8CEDE16F98CA20028F1F8 /* PicViewController.m */ = {isa = PBXFileReference; fileEncoding = 4; lastKnownFileType = sourcecode.c.objc; path = PicViewController.m; sourceTree = "<group>"; };
		70D8CEDF16F98CA20028F1F8 /* PicViewController.xib */ = {isa = PBXFileReference; fileEncoding = 4; lastKnownFileType = file.xib; path = PicViewController.xib; sourceTree = "<group>"; };
		70D8E14216AFABFB00BC8F16 /* MainViewController.h */ = {isa = PBXFileReference; fileEncoding = 4; lastKnownFileType = sourcecode.c.h; path = MainViewController.h; sourceTree = "<group>"; };
		70D8E14316AFABFB00BC8F16 /* MainViewController.m */ = {isa = PBXFileReference; fileEncoding = 4; lastKnownFileType = sourcecode.c.objc; path = MainViewController.m; sourceTree = "<group>"; };
		70D8E14416AFABFB00BC8F16 /* MainViewController.xib */ = {isa = PBXFileReference; fileEncoding = 4; lastKnownFileType = file.xib; path = MainViewController.xib; sourceTree = "<group>"; };
		70DF869D16E62E1300DE2490 /* LanTaiOrder-Info.plist */ = {isa = PBXFileReference; fileEncoding = 4; lastKnownFileType = text.plist.xml; path = "LanTaiOrder-Info.plist"; sourceTree = "<group>"; };
		70DF869F16E62FC900DE2490 /* zh-Hans */ = {isa = PBXFileReference; lastKnownFileType = text.plist.strings; name = "zh-Hans"; path = "zh-Hans.lproj/InfoPlist.strings"; sourceTree = "<group>"; };
		70E8288716E85C1700A8AA70 /* ConfirmViewController.h */ = {isa = PBXFileReference; fileEncoding = 4; lastKnownFileType = sourcecode.c.h; path = ConfirmViewController.h; sourceTree = "<group>"; };
		70E8288816E85C1700A8AA70 /* ConfirmViewController.m */ = {isa = PBXFileReference; fileEncoding = 4; lastKnownFileType = sourcecode.c.objc; path = ConfirmViewController.m; sourceTree = "<group>"; };
		70E8288916E85C1700A8AA70 /* ConfirmViewController.xib */ = {isa = PBXFileReference; fileEncoding = 4; lastKnownFileType = file.xib; path = ConfirmViewController.xib; sourceTree = "<group>"; };
		70F8378416F2B74900684F79 /* login_bg.jpg */ = {isa = PBXFileReference; lastKnownFileType = image.jpeg; path = login_bg.jpg; sourceTree = "<group>"; };
/* End PBXFileReference section */

/* Begin PBXFrameworksBuildPhase section */
		70A1CC0816AFA763000B4C9F /* Frameworks */ = {
			isa = PBXFrameworksBuildPhase;
			buildActionMask = 2147483647;
			files = (
				0E1705C11709676300146DAB /* QuartzCore.framework in Frameworks */,
				70A6F0E816E08B57004869EE /* SystemConfiguration.framework in Frameworks */,
				70A6F0E616E08B46004869EE /* CFNetwork.framework in Frameworks */,
				70A1CC1016AFA763000B4C9F /* UIKit.framework in Frameworks */,
				70A1CC1216AFA763000B4C9F /* Foundation.framework in Frameworks */,
				70A1CC1416AFA763000B4C9F /* CoreGraphics.framework in Frameworks */,
			);
			runOnlyForDeploymentPostprocessing = 0;
		};
/* End PBXFrameworksBuildPhase section */

/* Begin PBXGroup section */
		0E1705C6170968F000146DAB /* Utils */ = {
			isa = PBXGroup;
			children = (
				0EAE806A1709662800A5E4C4 /* NSDate+Additions.h */,
				0EAE806B1709662800A5E4C4 /* NSDate+Additions.m */,
				0EAE8055170965AD00A5E4C4 /* Reachability.h */,
				0EAE8056170965AD00A5E4C4 /* Reachability.m */,
				0EAE80681709662700A5E4C4 /* Utils.h */,
				0EAE80691709662700A5E4C4 /* Utils.m */,
			);
			name = Utils;
			sourceTree = "<group>";
		};
		0E49BA8E1713C02200D4E60E /* alert view */ = {
			isa = PBXGroup;
			children = (
				0E49BA8F1713C03000D4E60E /* custom-button-normal.png */,
				0E49BA901713C03000D4E60E /* custom-button-normal@2x.png */,
				0E49BA911713C03000D4E60E /* custom-cancel-normal.png */,
				0E49BA921713C03000D4E60E /* custom-cancel-normal@2x.png */,
				0E49BA931713C03000D4E60E /* custom-dialog-background.png */,
				0E49BA941713C03000D4E60E /* custom-dialog-background@2x.png */,
				0E49BA951713C03000D4E60E /* AHAlertView.h */,
				0E49BA961713C03000D4E60E /* AHAlertView.m */,
			);
			name = "alert view";
			sourceTree = "<group>";
		};
		0E9745E41705240D00C62363 /* Init */ = {
			isa = PBXGroup;
			children = (
				0E9745EB170524BC00C62363 /* InitViewController.h */,
				0E9745EC170524BC00C62363 /* InitViewController.m */,
				0E9745ED170524BC00C62363 /* InitViewController.xib */,
			);
			name = Init;
			sourceTree = "<group>";
		};
		0EAE80181709647400A5E4C4 /* utils */ = {
			isa = PBXGroup;
			children = (
				0EE3F8F6172138C2000303E3 /* SVPullToRefresh */,
				0E49BA8E1713C02200D4E60E /* alert view */,
				0E1705C6170968F000146DAB /* Utils */,
				0EAE80671709662700A5E4C4 /* Const.h */,
				0EAE8060170965E600A5E4C4 /* GetPicture */,
				0EAE805C170965CE00A5E4C4 /* MBProgressHUD */,
				0EAE8058170965B100A5E4C4 /* STHTTP */,
				0EAE80501709658500A5E4C4 /* JSON */,
				0EAE804C1709656700A5E4C4 /* PopView */,
				0EAE801A1709649300A5E4C4 /* CustomView */,
			);
			name = utils;
			sourceTree = "<group>";
		};
		0EAE801A1709649300A5E4C4 /* CustomView */ = {
			isa = PBXGroup;
			children = (
				0EAE80481709654400A5E4C4 /* ProductHeader.h */,
				0EAE80491709654400A5E4C4 /* ProductHeader.m */,
				0EAE8022170964D500A5E4C4 /* ProductCell.h */,
				0EAE8021170964D500A5E4C4 /* ProductCell.m */,
				0EAE80461709654300A5E4C4 /* OldProductCell.h */,
				0EAE801B170964D500A5E4C4 /* OldProductCell.m */,
				0EAE8023170964D500A5E4C4 /* TabHeader.h */,
				0EAE8020170964D500A5E4C4 /* TabHeader.m */,
				0EAE801C170964D500A5E4C4 /* TabHeaderSpace.h */,
				0EAE80421709651000A5E4C4 /* TabHeaderSpace.m */,
				0EAE802B170964D500A5E4C4 /* PictureCell.h */,
				0EAE802C170964D500A5E4C4 /* PictureCell.m */,
				0EAE8025170964D500A5E4C4 /* CollectionCell.h */,
				0EAE8026170964D500A5E4C4 /* CollectionCell.m */,
				0EAE801D170964D500A5E4C4 /* CollectionCell.xib */,
				0EAE8027170964D500A5E4C4 /* CollectionHeader.h */,
				0EAE8028170964D500A5E4C4 /* CollectionHeader.m */,
				0EAE80401709650000A5E4C4 /* CollectionHeader.xib */,
				0EAE8029170964D500A5E4C4 /* CollectionViewLayout.h */,
				0EAE802A170964D500A5E4C4 /* CollectionViewLayout.m */,
				0EAE80471709654400A5E4C4 /* PackageCardCell.h */,
				0EAE8024170964D500A5E4C4 /* PackageCardCell.m */,
				0EAE804A1709654500A5E4C4 /* ReservationCell.h */,
				0EAE802D170964D500A5E4C4 /* ReservationCell.m */,
				0EAE80431709651000A5E4C4 /* ReservationCell.xib */,
				0EAE802E170964D500A5E4C4 /* ServiceCell.h */,
				0EAE802F170964D500A5E4C4 /* ServiceCell.m */,
				0EAE801E170964D500A5E4C4 /* ServiceCell.xib */,
				0EAE8030170964D500A5E4C4 /* SVCardCell.h */,
				0EAE8031170964D500A5E4C4 /* SVCardCell.m */,
				0EAE801F170964D500A5E4C4 /* SVCardCell.xib */,
				0EAE806C1709662800A5E4C4 /* UITextView+Border.h */,
				0EAE806D1709662800A5E4C4 /* UITextView+Border.m */,
			);
			name = CustomView;
			sourceTree = "<group>";
		};
		0EAE804C1709656700A5E4C4 /* PopView */ = {
			isa = PBXGroup;
			children = (
				0EAE80641709661500A5E4C4 /* UIViewController+MJPopupViewController.h */,
				0EAE80651709661500A5E4C4 /* UIViewController+MJPopupViewController.m */,
				0EAE804D1709658000A5E4C4 /* MJPopupBackgroundView.h */,
				0EAE804E1709658000A5E4C4 /* MJPopupBackgroundView.m */,
			);
			name = PopView;
			sourceTree = "<group>";
		};
		0EAE80501709658500A5E4C4 /* JSON */ = {
			isa = PBXGroup;
			children = (
				0EAE80511709659400A5E4C4 /* JSONKit.h */,
				0EAE80521709659400A5E4C4 /* JSONKit.m */,
			);
			name = JSON;
			sourceTree = "<group>";
		};
		0EAE8058170965B100A5E4C4 /* STHTTP */ = {
			isa = PBXGroup;
			children = (
				0EAE8059170965C800A5E4C4 /* STHTTPRequest.h */,
				0EAE805A170965C800A5E4C4 /* STHTTPRequest.m */,
			);
			name = STHTTP;
			sourceTree = "<group>";
		};
		0EAE805C170965CE00A5E4C4 /* MBProgressHUD */ = {
			isa = PBXGroup;
			children = (
				0EAE805D170965E300A5E4C4 /* MBProgressHUD.m */,
				0EAE805E170965E300A5E4C4 /* MBProgressHUD.h */,
			);
			name = MBProgressHUD;
			sourceTree = "<group>";
		};
		0EAE8060170965E600A5E4C4 /* GetPicture */ = {
			isa = PBXGroup;
			children = (
				0EAE8061170965F900A5E4C4 /* GetPictureFromDevice.h */,
				0EAE8062170965F900A5E4C4 /* GetPictureFromDevice.m */,
			);
			name = GetPicture;
			sourceTree = "<group>";
		};
		0EE3F8F6172138C2000303E3 /* SVPullToRefresh */ = {
			isa = PBXGroup;
			children = (
				0EE3F8F7172138CE000303E3 /* SVPullToRefresh.bundle */,
				0EE3F8F8172138CE000303E3 /* SVPullToRefresh.h */,
				0EE3F8F9172138CE000303E3 /* SVPullToRefresh.m */,
			);
			name = SVPullToRefresh;
			sourceTree = "<group>";
		};
		7024914C16F5B157009EC28D /* Base */ = {
			isa = PBXGroup;
			children = (
				7024914916F5B14E009EC28D /* BaseViewController.h */,
				7024914A16F5B14F009EC28D /* BaseViewController.m */,
			);
			name = Base;
			sourceTree = "<group>";
		};
		70A1CC0016AFA763000B4C9F = {
			isa = PBXGroup;
			children = (
				70A1CC1516AFA763000B4C9F /* LanTaiOrder */,
				70A1CC0E16AFA763000B4C9F /* Frameworks */,
				70A1CC0C16AFA763000B4C9F /* Products */,
			);
			sourceTree = "<group>";
		};
		70A1CC0C16AFA763000B4C9F /* Products */ = {
			isa = PBXGroup;
			children = (
				70A1CC0B16AFA763000B4C9F /* LanTaiOrder.app */,
			);
			name = Products;
			sourceTree = "<group>";
		};
		70A1CC0E16AFA763000B4C9F /* Frameworks */ = {
			isa = PBXGroup;
			children = (
				0E1705C01709676300146DAB /* QuartzCore.framework */,
				70D552C416F6DBA20023B575 /* QPOS HD.ipa */,
				70A6F0E716E08B57004869EE /* SystemConfiguration.framework */,
				70A6F0E516E08B46004869EE /* CFNetwork.framework */,
				70A1CC0F16AFA763000B4C9F /* UIKit.framework */,
				70A1CC1116AFA763000B4C9F /* Foundation.framework */,
				70A1CC1316AFA763000B4C9F /* CoreGraphics.framework */,
			);
			name = Frameworks;
			sourceTree = "<group>";
		};
		70A1CC1516AFA763000B4C9F /* LanTaiOrder */ = {
			isa = PBXGroup;
			children = (
				70A1CC2D16AFA7B2000B4C9F /* Resources */,
				0EAE80181709647400A5E4C4 /* utils */,
				70A1CC2F16AFA7D4000B4C9F /* DataLayer */,
				70A1CC2C16AFA7A7000B4C9F /* Classes */,
				70A1CC1E16AFA763000B4C9F /* AppDelegate.h */,
				70A1CC1F16AFA763000B4C9F /* AppDelegate.m */,
				70A1CC1616AFA763000B4C9F /* Supporting Files */,
			);
			path = LanTaiOrder;
			sourceTree = "<group>";
		};
		70A1CC1616AFA763000B4C9F /* Supporting Files */ = {
			isa = PBXGroup;
			children = (
				70DF869D16E62E1300DE2490 /* LanTaiOrder-Info.plist */,
				70A1CC1816AFA763000B4C9F /* InfoPlist.strings */,
				70A1CC1B16AFA763000B4C9F /* main.m */,
				70A1CC1D16AFA763000B4C9F /* LanTaiOrder-Prefix.pch */,
				70A1CC2116AFA763000B4C9F /* Default.png */,
				70A1CC2316AFA763000B4C9F /* Default@2x.png */,
				70A1CC2516AFA763000B4C9F /* Default-568h@2x.png */,
			);
			name = "Supporting Files";
			sourceTree = "<group>";
		};
		70A1CC2C16AFA7A7000B4C9F /* Classes */ = {
			isa = PBXGroup;
			children = (
				70A6F0EC16E09850004869EE /* Order */,
				0E9745E41705240D00C62363 /* Init */,
				70D8E14116AFABE400BC8F16 /* Main */,
				70A1CC4A16AFAA56000B4C9F /* Login */,
				7024914C16F5B157009EC28D /* Base */,
			);
			name = Classes;
			sourceTree = "<group>";
		};
		70A1CC2D16AFA7B2000B4C9F /* Resources */ = {
			isa = PBXGroup;
			children = (
				70A6F0E916E09671004869EE /* images */,
			);
			name = Resources;
			sourceTree = "<group>";
		};
		70A1CC2F16AFA7D4000B4C9F /* DataLayer */ = {
			isa = PBXGroup;
			children = (
				70A1CC3B16AFA8B5000B4C9F /* Models */,
				70A1CC3A16AFA8AA000B4C9F /* DataService */,
			);
			name = DataLayer;
			sourceTree = "<group>";
		};
		70A1CC3A16AFA8AA000B4C9F /* DataService */ = {
			isa = PBXGroup;
			children = (
				70A1CC3716AFA89C000B4C9F /* DataService.h */,
				70A1CC3816AFA89C000B4C9F /* DataService.m */,
			);
			name = DataService;
			sourceTree = "<group>";
		};
		70A1CC3B16AFA8B5000B4C9F /* Models */ = {
			isa = PBXGroup;
			children = (
			);
			name = Models;
			sourceTree = "<group>";
		};
		70A1CC4A16AFAA56000B4C9F /* Login */ = {
			isa = PBXGroup;
			children = (
				70A1CC4516AFAA50000B4C9F /* LoginViewController.h */,
				70A1CC4616AFAA50000B4C9F /* LoginViewController.m */,
				70A1CC4716AFAA50000B4C9F /* LoginViewController.xib */,
			);
			name = Login;
			sourceTree = "<group>";
		};
		70A6F0E916E09671004869EE /* images */ = {
			isa = PBXGroup;
			children = (
				0E92C08117156204003B293C /* sx.png */,
				0E91E68E1713FEB000A847BE /* down.png */,
				0E98DFD2170BB2F400325A9C /* cb_mono_off.png */,
				0E98DFD3170BB2F400325A9C /* cb_mono_off@2x.png */,
				0E98DFD4170BB2F400325A9C /* cb_mono_on.png */,
				0E98DFD5170BB2F400325A9C /* cb_mono_on@2x.png */,
				0EA75138170A6A9800B3CAFC /* order.png */,
				0EA987F91700363A0021D80B /* view_bg.png */,
				0EA987FA1700363B0021D80B /* order_bg.png */,
				0EA987F1170030EA0021D80B /* close_btn.png */,
				0EA987F2170030EC0021D80B /* open_btn.png */,
				0EA987E717002F560021D80B /* login.png */,
				0EA987E817002F560021D80B /* search_bg.png */,
				0EA987E917002F570021D80B /* open_bg.png */,
				0EA5FBC616FC3C3B00ADA6DD /* divider.png */,
				70D8CEDB16F956400028F1F8 /* r_head.jpg */,
				7099961616F8531D0039C761 /* dot_1_bg.png */,
				7099961416F84BC60039C761 /* p_head_1.png */,
				7099961216F841B40039C761 /* order_head.png */,
				7099961016F8306D0039C761 /* alert_bg.png */,
				7099960C16F814130039C761 /* confirm_bg.png */,
				7099960016F8055B0039C761 /* behind.png */,
				7099960116F8055B0039C761 /* front.png */,
				7099960E16F82B080039C761 /* p_head.png */,
				7099960216F8055B0039C761 /* left.png */,
				0EA9881517004FE70021D80B /* pic_bg.png */,
				7099960316F8055B0039C761 /* piccell_bg.png */,
				7099960416F8055B0039C761 /* right.png */,
				7099960A16F80C610039C761 /* category_nav.png */,
				7099D45A16F75F840006818E /* dot_bg.png */,
				7099D45016F750F20006818E /* back.png */,
				7099D45116F750F20006818E /* lbl_bg.png */,
				7099D45C16F773540006818E /* step_0.png */,
				709995FE16F7FEE50039C761 /* collectioncell_bg.png */,
				7099D45D16F773540006818E /* step_1.png */,
				7099D45E16F773540006818E /* step_2.png */,
				7099D45F16F773540006818E /* step_3.png */,
				7099D46016F773540006818E /* step_4.png */,
				7099D44C16F74D910006818E /* search_btn.png */,
				0EA9880B17003F950021D80B /* search_btn_highted.png */,
				7024914516F5A68B009EC28D /* nav_bg.png */,
				7024914716F5A9E4009EC28D /* btn_cancel.jpg */,
				0EF0E781171140360043C81D /* btn_cancel_active.png */,
				70F8378416F2B74900684F79 /* login_bg.jpg */,
				0EA98811170044AB0021D80B /* btn_bg_active.png */,
				0EA98812170044B20021D80B /* btn_bg.png */,
				0EA98817170057650021D80B /* lantan_login.png */,
				0EA98818170057670021D80B /* lantan_login_active.png */,
			);
			name = images;
			sourceTree = "<group>";
		};
		70A6F0EC16E09850004869EE /* Order */ = {
			isa = PBXGroup;
			children = (
				70A6F0ED16E09887004869EE /* OrderViewController.h */,
				70A6F0EE16E09887004869EE /* OrderViewController.m */,
				70A6F0EF16E09887004869EE /* OrderViewController.xib */,
				7053131816E31F7B00F64A16 /* AddViewController.h */,
				7053131916E31F7B00F64A16 /* AddViewController.m */,
				7053131A16E31F7B00F64A16 /* AddViewController.xib */,
				7053131D16E3223C00F64A16 /* ComplaintViewController.h */,
				7053131E16E3223C00F64A16 /* ComplaintViewController.m */,
				7053131F16E3223C00F64A16 /* ComplaintViewController.xib */,
				7053132216E3228200F64A16 /* PayViewController.h */,
				7053132316E3228200F64A16 /* PayViewController.m */,
				7053132416E3228200F64A16 /* PayViewController.xib */,
				7053132716E324E300F64A16 /* ReservationViewController.h */,
				7053132816E324E300F64A16 /* ReservationViewController.m */,
				7053132916E324E300F64A16 /* ReservationViewController.xib */,
				70E8288716E85C1700A8AA70 /* ConfirmViewController.h */,
				70E8288816E85C1700A8AA70 /* ConfirmViewController.m */,
				70E8288916E85C1700A8AA70 /* ConfirmViewController.xib */,
				709AED2C16F065A20028C706 /* PayStyleViewController.h */,
				709AED2D16F065A20028C706 /* PayStyleViewController.m */,
				709AED2E16F065A20028C706 /* PayStyleViewController.xib */,
				70D8CEDD16F98CA20028F1F8 /* PicViewController.h */,
				70D8CEDE16F98CA20028F1F8 /* PicViewController.m */,
				70D8CEDF16F98CA20028F1F8 /* PicViewController.xib */,
			);
			name = Order;
			sourceTree = "<group>";
		};
		70D8E14116AFABE400BC8F16 /* Main */ = {
			isa = PBXGroup;
			children = (
				70D8E14216AFABFB00BC8F16 /* MainViewController.h */,
				70D8E14316AFABFB00BC8F16 /* MainViewController.m */,
				70D8E14416AFABFB00BC8F16 /* MainViewController.xib */,
			);
			name = Main;
			sourceTree = "<group>";
		};
/* End PBXGroup section */

/* Begin PBXNativeTarget section */
		70A1CC0A16AFA763000B4C9F /* LanTaiOrder */ = {
			isa = PBXNativeTarget;
			buildConfigurationList = 70A1CC2916AFA763000B4C9F /* Build configuration list for PBXNativeTarget "LanTaiOrder" */;
			buildPhases = (
				70A1CC0716AFA763000B4C9F /* Sources */,
				70A1CC0816AFA763000B4C9F /* Frameworks */,
				70A1CC0916AFA763000B4C9F /* Resources */,
			);
			buildRules = (
			);
			dependencies = (
			);
			name = LanTaiOrder;
			productName = LanTaiOrder;
			productReference = 70A1CC0B16AFA763000B4C9F /* LanTaiOrder.app */;
			productType = "com.apple.product-type.application";
		};
/* End PBXNativeTarget section */

/* Begin PBXProject section */
		70A1CC0216AFA763000B4C9F /* Project object */ = {
			isa = PBXProject;
			attributes = {
				LastUpgradeCheck = 0460;
				ORGANIZATIONNAME = LanTai;
			};
			buildConfigurationList = 70A1CC0516AFA763000B4C9F /* Build configuration list for PBXProject "LanTaiOrder" */;
			compatibilityVersion = "Xcode 3.2";
			developmentRegion = English;
			hasScannedForEncodings = 0;
			knownRegions = (
				en,
				"zh-Hans",
				"zh-Hant",
			);
			mainGroup = 70A1CC0016AFA763000B4C9F;
			productRefGroup = 70A1CC0C16AFA763000B4C9F /* Products */;
			projectDirPath = "";
			projectRoot = "";
			targets = (
				70A1CC0A16AFA763000B4C9F /* LanTaiOrder */,
			);
		};
/* End PBXProject section */

/* Begin PBXResourcesBuildPhase section */
		70A1CC0916AFA763000B4C9F /* Resources */ = {
			isa = PBXResourcesBuildPhase;
			buildActionMask = 2147483647;
			files = (
				70A1CC1A16AFA763000B4C9F /* InfoPlist.strings in Resources */,
				70A1CC2216AFA763000B4C9F /* Default.png in Resources */,
				70A1CC2416AFA763000B4C9F /* Default@2x.png in Resources */,
				70A1CC2616AFA763000B4C9F /* Default-568h@2x.png in Resources */,
				70A1CC4916AFAA50000B4C9F /* LoginViewController.xib in Resources */,
				70D8E14616AFABFB00BC8F16 /* MainViewController.xib in Resources */,
				70A6F0F116E09887004869EE /* OrderViewController.xib in Resources */,
				7053131C16E31F7B00F64A16 /* AddViewController.xib in Resources */,
				7053132116E3223C00F64A16 /* ComplaintViewController.xib in Resources */,
				7053132616E3228200F64A16 /* PayViewController.xib in Resources */,
				7053132B16E324E300F64A16 /* ReservationViewController.xib in Resources */,
				70E8288B16E85C1700A8AA70 /* ConfirmViewController.xib in Resources */,
				709AED3016F065A20028C706 /* PayStyleViewController.xib in Resources */,
				70F8378716F2B74900684F79 /* login_bg.jpg in Resources */,
				7024914616F5A68C009EC28D /* nav_bg.png in Resources */,
				7024914816F5A9E4009EC28D /* btn_cancel.jpg in Resources */,
				70D552C516F6DBA20023B575 /* QPOS HD.ipa in Resources */,
				7099D44F16F74D910006818E /* search_btn.png in Resources */,
				7099D45216F750F20006818E /* back.png in Resources */,
				7099D45316F750F20006818E /* lbl_bg.png in Resources */,
				7099D45B16F75F840006818E /* dot_bg.png in Resources */,
				7099D46116F773540006818E /* step_0.png in Resources */,
				7099D46216F773540006818E /* step_1.png in Resources */,
				7099D46316F773540006818E /* step_2.png in Resources */,
				7099D46416F773540006818E /* step_3.png in Resources */,
				7099D46516F773540006818E /* step_4.png in Resources */,
				709995FF16F7FEE50039C761 /* collectioncell_bg.png in Resources */,
				7099960516F8055B0039C761 /* behind.png in Resources */,
				7099960616F8055B0039C761 /* front.png in Resources */,
				7099960716F8055B0039C761 /* left.png in Resources */,
				7099960816F8055B0039C761 /* piccell_bg.png in Resources */,
				7099960916F8055B0039C761 /* right.png in Resources */,
				7099960B16F80C610039C761 /* category_nav.png in Resources */,
				7099960D16F814130039C761 /* confirm_bg.png in Resources */,
				7099960F16F82B080039C761 /* p_head.png in Resources */,
				7099961116F8306D0039C761 /* alert_bg.png in Resources */,
				7099961316F841B40039C761 /* order_head.png in Resources */,
				7099961516F84BC60039C761 /* p_head_1.png in Resources */,
				7099961716F8531D0039C761 /* dot_1_bg.png in Resources */,
				70D8CEDC16F956400028F1F8 /* r_head.jpg in Resources */,
				70D8CEE116F98CA20028F1F8 /* PicViewController.xib in Resources */,
				0EA5FBC716FC3C3B00ADA6DD /* divider.png in Resources */,
				0EA987EC17002F580021D80B /* login.png in Resources */,
				0EA987ED17002F580021D80B /* search_bg.png in Resources */,
				0EA987EE17002F580021D80B /* open_bg.png in Resources */,
				0EA987F3170030EF0021D80B /* close_btn.png in Resources */,
				0EA987F4170030EF0021D80B /* open_btn.png in Resources */,
				0EA987FB1700363C0021D80B /* view_bg.png in Resources */,
				0EA987FC1700363C0021D80B /* order_bg.png in Resources */,
				0EA9880C17003F960021D80B /* search_btn_highted.png in Resources */,
				0EA98813170044CB0021D80B /* btn_bg_active.png in Resources */,
				0EA98814170044CB0021D80B /* btn_bg.png in Resources */,
				0EA9881617004FE90021D80B /* pic_bg.png in Resources */,
				0EA988191700576A0021D80B /* lantan_login.png in Resources */,
				0EA9881A1700576A0021D80B /* lantan_login_active.png in Resources */,
				0E9745EF170524BC00C62363 /* InitViewController.xib in Resources */,
				0EAE8033170964D500A5E4C4 /* CollectionCell.xib in Resources */,
				0EAE8034170964D500A5E4C4 /* ServiceCell.xib in Resources */,
				0EAE8035170964D500A5E4C4 /* SVCardCell.xib in Resources */,
				0EAE80411709650000A5E4C4 /* CollectionHeader.xib in Resources */,
				0EAE80451709651000A5E4C4 /* ReservationCell.xib in Resources */,
				0EA75139170A6A9800B3CAFC /* order.png in Resources */,
				0E98DFD6170BB2F400325A9C /* cb_mono_off.png in Resources */,
				0E98DFD7170BB2F400325A9C /* cb_mono_off@2x.png in Resources */,
				0E98DFD8170BB2F400325A9C /* cb_mono_on.png in Resources */,
				0E98DFD9170BB2F400325A9C /* cb_mono_on@2x.png in Resources */,
				0EF0E782171140370043C81D /* btn_cancel_active.png in Resources */,
				0E49BA971713C03000D4E60E /* custom-button-normal.png in Resources */,
				0E49BA981713C03000D4E60E /* custom-button-normal@2x.png in Resources */,
				0E49BA991713C03000D4E60E /* custom-cancel-normal.png in Resources */,
				0E49BA9A1713C03000D4E60E /* custom-cancel-normal@2x.png in Resources */,
				0E49BA9B1713C03000D4E60E /* custom-dialog-background.png in Resources */,
				0E49BA9C1713C03000D4E60E /* custom-dialog-background@2x.png in Resources */,
				0E91E68F1713FEB000A847BE /* down.png in Resources */,
				0E92C08217156204003B293C /* sx.png in Resources */,
				0EE3F8FA172138CE000303E3 /* SVPullToRefresh.bundle in Resources */,
			);
			runOnlyForDeploymentPostprocessing = 0;
		};
/* End PBXResourcesBuildPhase section */

/* Begin PBXSourcesBuildPhase section */
		70A1CC0716AFA763000B4C9F /* Sources */ = {
			isa = PBXSourcesBuildPhase;
			buildActionMask = 2147483647;
			files = (
				70A1CC1C16AFA763000B4C9F /* main.m in Sources */,
				70A1CC2016AFA763000B4C9F /* AppDelegate.m in Sources */,
				70A1CC3916AFA89C000B4C9F /* DataService.m in Sources */,
				70A1CC4816AFAA50000B4C9F /* LoginViewController.m in Sources */,
				70D8E14516AFABFB00BC8F16 /* MainViewController.m in Sources */,
				70A6F0F016E09887004869EE /* OrderViewController.m in Sources */,
				7053131B16E31F7B00F64A16 /* AddViewController.m in Sources */,
				7053132016E3223C00F64A16 /* ComplaintViewController.m in Sources */,
				7053132516E3228200F64A16 /* PayViewController.m in Sources */,
				7053132A16E324E300F64A16 /* ReservationViewController.m in Sources */,
				70E8288A16E85C1700A8AA70 /* ConfirmViewController.m in Sources */,
				709AED2F16F065A20028C706 /* PayStyleViewController.m in Sources */,
				7024914B16F5B14F009EC28D /* BaseViewController.m in Sources */,
				70D8CEE016F98CA20028F1F8 /* PicViewController.m in Sources */,
				0E9745EE170524BC00C62363 /* InitViewController.m in Sources */,
				0EAE8032170964D500A5E4C4 /* OldProductCell.m in Sources */,
				0EAE8036170964D500A5E4C4 /* TabHeader.m in Sources */,
				0EAE8037170964D500A5E4C4 /* ProductCell.m in Sources */,
				0EAE8038170964D500A5E4C4 /* PackageCardCell.m in Sources */,
				0EAE8039170964D500A5E4C4 /* CollectionCell.m in Sources */,
				0EAE803A170964D500A5E4C4 /* CollectionHeader.m in Sources */,
				0EAE803B170964D500A5E4C4 /* CollectionViewLayout.m in Sources */,
				0EAE803C170964D500A5E4C4 /* PictureCell.m in Sources */,
				0EAE803D170964D500A5E4C4 /* ReservationCell.m in Sources */,
				0EAE803E170964D500A5E4C4 /* ServiceCell.m in Sources */,
				0EAE803F170964D500A5E4C4 /* SVCardCell.m in Sources */,
				0EAE80441709651000A5E4C4 /* TabHeaderSpace.m in Sources */,
				0EAE804B1709654500A5E4C4 /* ProductHeader.m in Sources */,
				0EAE804F1709658000A5E4C4 /* MJPopupBackgroundView.m in Sources */,
				0EAE80531709659400A5E4C4 /* JSONKit.m in Sources */,
				0EAE8057170965AD00A5E4C4 /* Reachability.m in Sources */,
				0EAE805B170965C800A5E4C4 /* STHTTPRequest.m in Sources */,
				0EAE805F170965E300A5E4C4 /* MBProgressHUD.m in Sources */,
				0EAE8063170965F900A5E4C4 /* GetPictureFromDevice.m in Sources */,
				0EAE80661709661500A5E4C4 /* UIViewController+MJPopupViewController.m in Sources */,
				0EAE806E1709662900A5E4C4 /* Utils.m in Sources */,
				0EAE806F1709662900A5E4C4 /* NSDate+Additions.m in Sources */,
				0EAE80701709662900A5E4C4 /* UITextView+Border.m in Sources */,
				0E49BA9D1713C03000D4E60E /* AHAlertView.m in Sources */,
				0EE3F8FB172138CE000303E3 /* SVPullToRefresh.m in Sources */,
			);
			runOnlyForDeploymentPostprocessing = 0;
		};
/* End PBXSourcesBuildPhase section */

/* Begin PBXVariantGroup section */
		70A1CC1816AFA763000B4C9F /* InfoPlist.strings */ = {
			isa = PBXVariantGroup;
			children = (
				70A1CC1916AFA763000B4C9F /* en */,
				70DF869F16E62FC900DE2490 /* zh-Hans */,
			);
			name = InfoPlist.strings;
			sourceTree = "<group>";
		};
/* End PBXVariantGroup section */

/* Begin XCBuildConfiguration section */
		70A1CC2716AFA763000B4C9F /* Debug */ = {
			isa = XCBuildConfiguration;
			buildSettings = {
				ALWAYS_SEARCH_USER_PATHS = NO;
				CLANG_CXX_LANGUAGE_STANDARD = "gnu++0x";
				CLANG_CXX_LIBRARY = "libc++";
				CLANG_ENABLE_OBJC_ARC = YES;
				CLANG_WARN_EMPTY_BODY = YES;
				CLANG_WARN__DUPLICATE_METHOD_MATCH = YES;
				CODE_SIGN_IDENTITY = "iPhone Developer";
				"CODE_SIGN_IDENTITY[sdk=iphoneos*]" = "iPhone Developer";
				COPY_PHASE_STRIP = NO;
				GCC_C_LANGUAGE_STANDARD = gnu99;
				GCC_DYNAMIC_NO_PIC = NO;
				GCC_OPTIMIZATION_LEVEL = 0;
				GCC_PREPROCESSOR_DEFINITIONS = DEBUG;
				GCC_SYMBOLS_PRIVATE_EXTERN = NO;
				GCC_WARN_ABOUT_RETURN_TYPE = YES;
				GCC_WARN_UNINITIALIZED_AUTOS = YES;
				GCC_WARN_UNUSED_VARIABLE = YES;
				IPHONEOS_DEPLOYMENT_TARGET = 4.3;
				ONLY_ACTIVE_ARCH = YES;
				PROVISIONING_PROFILE = "";
				"PROVISIONING_PROFILE[sdk=iphoneos*]" = "";
				SDKROOT = iphoneos;
				TARGETED_DEVICE_FAMILY = 2;
			};
			name = Debug;
		};
		70A1CC2816AFA763000B4C9F /* Release */ = {
			isa = XCBuildConfiguration;
			buildSettings = {
				ALWAYS_SEARCH_USER_PATHS = NO;
				CLANG_CXX_LANGUAGE_STANDARD = "gnu++0x";
				CLANG_CXX_LIBRARY = "libc++";
				CLANG_ENABLE_OBJC_ARC = YES;
				CLANG_WARN_EMPTY_BODY = YES;
				CLANG_WARN__DUPLICATE_METHOD_MATCH = YES;
				CODE_SIGN_IDENTITY = "iPhone Developer";
				"CODE_SIGN_IDENTITY[sdk=iphoneos*]" = "iPhone Developer";
				COPY_PHASE_STRIP = YES;
				GCC_C_LANGUAGE_STANDARD = gnu99;
				GCC_WARN_ABOUT_RETURN_TYPE = YES;
				GCC_WARN_UNINITIALIZED_AUTOS = YES;
				GCC_WARN_UNUSED_VARIABLE = YES;
				IPHONEOS_DEPLOYMENT_TARGET = 4.3;
				OTHER_CFLAGS = "-DNS_BLOCK_ASSERTIONS=1";
				PROVISIONING_PROFILE = "";
				"PROVISIONING_PROFILE[sdk=iphoneos*]" = "";
				SDKROOT = iphoneos;
				TARGETED_DEVICE_FAMILY = 2;
				VALIDATE_PRODUCT = YES;
			};
			name = Release;
		};
		70A1CC2A16AFA763000B4C9F /* Debug */ = {
			isa = XCBuildConfiguration;
			buildSettings = {
				CODE_SIGN_IDENTITY = "iPhone Developer";
				"CODE_SIGN_IDENTITY[sdk=iphoneos*]" = "iPhone Developer";
				GCC_PRECOMPILE_PREFIX_HEADER = YES;
				GCC_PREFIX_HEADER = "LanTaiOrder/LanTaiOrder-Prefix.pch";
				INFOPLIST_FILE = "LanTaiOrder/LanTaiOrder-Info.plist";
				IPHONEOS_DEPLOYMENT_TARGET = 6.0;
				PRODUCT_NAME = "$(TARGET_NAME)";
				PROVISIONING_PROFILE = "";
				"PROVISIONING_PROFILE[sdk=iphoneos*]" = "";
				WRAPPER_EXTENSION = app;
			};
			name = Debug;
		};
		70A1CC2B16AFA763000B4C9F /* Release */ = {
			isa = XCBuildConfiguration;
			buildSettings = {
				CODE_SIGN_IDENTITY = "iPhone Developer";
				"CODE_SIGN_IDENTITY[sdk=iphoneos*]" = "iPhone Developer";
				GCC_PRECOMPILE_PREFIX_HEADER = YES;
				GCC_PREFIX_HEADER = "LanTaiOrder/LanTaiOrder-Prefix.pch";
				INFOPLIST_FILE = "LanTaiOrder/LanTaiOrder-Info.plist";
				IPHONEOS_DEPLOYMENT_TARGET = 6.0;
				PRODUCT_NAME = "$(TARGET_NAME)";
				PROVISIONING_PROFILE = "";
				"PROVISIONING_PROFILE[sdk=iphoneos*]" = "";
				WRAPPER_EXTENSION = app;
			};
			name = Release;
		};
/* End XCBuildConfiguration section */

/* Begin XCConfigurationList section */
		70A1CC0516AFA763000B4C9F /* Build configuration list for PBXProject "LanTaiOrder" */ = {
			isa = XCConfigurationList;
			buildConfigurations = (
				70A1CC2716AFA763000B4C9F /* Debug */,
				70A1CC2816AFA763000B4C9F /* Release */,
			);
			defaultConfigurationIsVisible = 0;
			defaultConfigurationName = Release;
		};
		70A1CC2916AFA763000B4C9F /* Build configuration list for PBXNativeTarget "LanTaiOrder" */ = {
			isa = XCConfigurationList;
			buildConfigurations = (
				70A1CC2A16AFA763000B4C9F /* Debug */,
				70A1CC2B16AFA763000B4C9F /* Release */,
			);
			defaultConfigurationIsVisible = 0;
			defaultConfigurationName = Release;
		};
/* End XCConfigurationList section */
	};
	rootObject = 70A1CC0216AFA763000B4C9F /* Project object */;
}
